// !$*UTF8*$!
{
	archiveVersion = 1;
	classes = {
	};
	objectVersion = 56;
	objects = {

/* Begin PBXBuildFile section */
		81995DA42A31273700D921ED /* ComparingDatesApp.swift in Sources */ = {isa = PBXBuildFile; fileRef = 81995DA32A31273700D921ED /* ComparingDatesApp.swift */; };
		81995DA82A31273800D921ED /* Assets.xcassets in Resources */ = {isa = PBXBuildFile; fileRef = 81995DA72A31273800D921ED /* Assets.xcassets */; };
		81995DAB2A31273800D921ED /* Preview Assets.xcassets in Resources */ = {isa = PBXBuildFile; fileRef = 81995DAA2A31273800D921ED /* Preview Assets.xcassets */; };
		81995DB82A31308000D921ED /* AppDatabase.swift in Sources */ = {isa = PBXBuildFile; fileRef = 81995DB72A31308000D921ED /* AppDatabase.swift */; };
		81995DBB2A31309F00D921ED /* Blackbird in Frameworks */ = {isa = PBXBuildFile; productRef = 81995DBA2A31309F00D921ED /* Blackbird */; };
		81995DBE2A31311E00D921ED /* db.sqlite in Resources */ = {isa = PBXBuildFile; fileRef = 81995DBD2A31311E00D921ED /* db.sqlite */; };
		81995DC02A31312700D921ED /* Mood.swift in Sources */ = {isa = PBXBuildFile; fileRef = 81995DBF2A31312700D921ED /* Mood.swift */; };
		81995DC52A3132B400D921ED /* MoodsListView.swift in Sources */ = {isa = PBXBuildFile; fileRef = 81995DC42A3132B400D921ED /* MoodsListView.swift */; };
		81995DC72A3132BF00D921ED /* AddMoodView.swift in Sources */ = {isa = PBXBuildFile; fileRef = 81995DC62A3132BF00D921ED /* AddMoodView.swift */; };
		81995DCA2A313C2800D921ED /* SwiftDate in Frameworks */ = {isa = PBXBuildFile; productRef = 81995DC92A313C2800D921ED /* SwiftDate */; };
		81995DE62A313E2100D921ED /* SwiftDate in Frameworks */ = {isa = PBXBuildFile; productRef = 81995DE52A313E2100D921ED /* SwiftDate */; };
/* End PBXBuildFile section */

/* Begin PBXCopyFilesBuildPhase section */
		81995DDC2A313E1A00D921ED /* CopyFiles */ = {
			isa = PBXCopyFilesBuildPhase;
			buildActionMask = 2147483647;
			dstPath = /usr/share/man/man1/;
			dstSubfolderSpec = 0;
			files = (
			);
			runOnlyForDeploymentPostprocessing = 1;
		};
/* End PBXCopyFilesBuildPhase section */

/* Begin PBXFileReference section */
		81995DA02A31273700D921ED /* ComparingDates.app */ = {isa = PBXFileReference; explicitFileType = wrapper.application; includeInIndex = 0; path = ComparingDates.app; sourceTree = BUILT_PRODUCTS_DIR; };
		81995DA32A31273700D921ED /* ComparingDatesApp.swift */ = {isa = PBXFileReference; lastKnownFileType = sourcecode.swift; path = ComparingDatesApp.swift; sourceTree = "<group>"; };
		81995DA72A31273800D921ED /* Assets.xcassets */ = {isa = PBXFileReference; lastKnownFileType = folder.assetcatalog; path = Assets.xcassets; sourceTree = "<group>"; };
		81995DAA2A31273800D921ED /* Preview Assets.xcassets */ = {isa = PBXFileReference; lastKnownFileType = folder.assetcatalog; path = "Preview Assets.xcassets"; sourceTree = "<group>"; };
		81995DB72A31308000D921ED /* AppDatabase.swift */ = {isa = PBXFileReference; lastKnownFileType = sourcecode.swift; path = AppDatabase.swift; sourceTree = "<group>"; };
		81995DBD2A31311E00D921ED /* db.sqlite */ = {isa = PBXFileReference; lastKnownFileType = file; path = db.sqlite; sourceTree = "<group>"; };
		81995DBF2A31312700D921ED /* Mood.swift */ = {isa = PBXFileReference; lastKnownFileType = sourcecode.swift; path = Mood.swift; sourceTree = "<group>"; };
		81995DC42A3132B400D921ED /* MoodsListView.swift */ = {isa = PBXFileReference; lastKnownFileType = sourcecode.swift; path = MoodsListView.swift; sourceTree = "<group>"; };
		81995DC62A3132BF00D921ED /* AddMoodView.swift */ = {isa = PBXFileReference; lastKnownFileType = sourcecode.swift; path = AddMoodView.swift; sourceTree = "<group>"; };
		81995DDE2A313E1A00D921ED /* DatesCommandLine */ = {isa = PBXFileReference; explicitFileType = "compiled.mach-o.executable"; includeInIndex = 0; path = DatesCommandLine; sourceTree = BUILT_PRODUCTS_DIR; };
		81995DE72A313E5E00D921ED /* DatesComparison.playground */ = {isa = PBXFileReference; lastKnownFileType = file.playground; path = DatesComparison.playground; sourceTree = "<group>"; xcLanguageSpecificationIdentifier = xcode.lang.swift; };
/* End PBXFileReference section */

/* Begin PBXFrameworksBuildPhase section */
		81995D9D2A31273700D921ED /* Frameworks */ = {
			isa = PBXFrameworksBuildPhase;
			buildActionMask = 2147483647;
			files = (
				81995DCA2A313C2800D921ED /* SwiftDate in Frameworks */,
				81995DBB2A31309F00D921ED /* Blackbird in Frameworks */,
			);
			runOnlyForDeploymentPostprocessing = 0;
		};
		81995DDB2A313E1A00D921ED /* Frameworks */ = {
			isa = PBXFrameworksBuildPhase;
			buildActionMask = 2147483647;
			files = (
				81995DE62A313E2100D921ED /* SwiftDate in Frameworks */,
			);
			runOnlyForDeploymentPostprocessing = 0;
		};
/* End PBXFrameworksBuildPhase section */

/* Begin PBXGroup section */
		81995D972A31273700D921ED = {
			isa = PBXGroup;
			children = (
				81995DE72A313E5E00D921ED /* DatesComparison.playground */,
				81995DA22A31273700D921ED /* ComparingDates */,
				81995DA12A31273700D921ED /* Products */,
				81995DD62A313CE400D921ED /* Frameworks */,
			);
			sourceTree = "<group>";
		};
		81995DA12A31273700D921ED /* Products */ = {
			isa = PBXGroup;
			children = (
				81995DA02A31273700D921ED /* ComparingDates.app */,
				81995DDE2A313E1A00D921ED /* DatesCommandLine */,
			);
			name = Products;
			sourceTree = "<group>";
		};
		81995DA22A31273700D921ED /* ComparingDates */ = {
			isa = PBXGroup;
			children = (
				81995DA32A31273700D921ED /* ComparingDatesApp.swift */,
				81995DB62A31306E00D921ED /* Helpers */,
				81995DBC2A3130C400D921ED /* Model */,
				81995DC12A31328C00D921ED /* Views */,
				81995DA72A31273800D921ED /* Assets.xcassets */,
				81995DA92A31273800D921ED /* Preview Content */,
			);
			path = ComparingDates;
			sourceTree = "<group>";
		};
		81995DA92A31273800D921ED /* Preview Content */ = {
			isa = PBXGroup;
			children = (
				81995DAA2A31273800D921ED /* Preview Assets.xcassets */,
			);
			path = "Preview Content";
			sourceTree = "<group>";
		};
		81995DB62A31306E00D921ED /* Helpers */ = {
			isa = PBXGroup;
			children = (
				81995DB72A31308000D921ED /* AppDatabase.swift */,
			);
			path = Helpers;
			sourceTree = "<group>";
		};
		81995DBC2A3130C400D921ED /* Model */ = {
			isa = PBXGroup;
			children = (
				81995DBD2A31311E00D921ED /* db.sqlite */,
				81995DBF2A31312700D921ED /* Mood.swift */,
			);
			path = Model;
			sourceTree = "<group>";
		};
		81995DC12A31328C00D921ED /* Views */ = {
			isa = PBXGroup;
			children = (
				81995DC42A3132B400D921ED /* MoodsListView.swift */,
				81995DC62A3132BF00D921ED /* AddMoodView.swift */,
			);
			path = Views;
			sourceTree = "<group>";
		};
		81995DD62A313CE400D921ED /* Frameworks */ = {
			isa = PBXGroup;
			children = (
			);
			name = Frameworks;
			sourceTree = "<group>";
		};
/* End PBXGroup section */

/* Begin PBXNativeTarget section */
		81995D9F2A31273700D921ED /* ComparingDates */ = {
			isa = PBXNativeTarget;
			buildConfigurationList = 81995DAE2A31273800D921ED /* Build configuration list for PBXNativeTarget "ComparingDates" */;
			buildPhases = (
				81995D9C2A31273700D921ED /* Sources */,
				81995D9D2A31273700D921ED /* Frameworks */,
				81995D9E2A31273700D921ED /* Resources */,
			);
			buildRules = (
			);
			dependencies = (
			);
			name = ComparingDates;
			packageProductDependencies = (
				81995DBA2A31309F00D921ED /* Blackbird */,
				81995DC92A313C2800D921ED /* SwiftDate */,
			);
			productName = ComparingDates;
			productReference = 81995DA02A31273700D921ED /* ComparingDates.app */;
			productType = "com.apple.product-type.application";
		};
		81995DDD2A313E1A00D921ED /* DatesCommandLine */ = {
			isa = PBXNativeTarget;
			buildConfigurationList = 81995DE22A313E1A00D921ED /* Build configuration list for PBXNativeTarget "DatesCommandLine" */;
			buildPhases = (
				81995DDA2A313E1A00D921ED /* Sources */,
				81995DDB2A313E1A00D921ED /* Frameworks */,
				81995DDC2A313E1A00D921ED /* CopyFiles */,
			);
			buildRules = (
			);
			dependencies = (
			);
			name = DatesCommandLine;
			packageProductDependencies = (
				81995DE52A313E2100D921ED /* SwiftDate */,
			);
			productName = DatesCommandLine;
			productReference = 81995DDE2A313E1A00D921ED /* DatesCommandLine */;
			productType = "com.apple.product-type.tool";
		};
/* End PBXNativeTarget section */

/* Begin PBXProject section */
		81995D982A31273700D921ED /* Project object */ = {
			isa = PBXProject;
			attributes = {
				BuildIndependentTargetsInParallel = 1;
				LastSwiftUpdateCheck = 1430;
				LastUpgradeCheck = 1430;
				TargetAttributes = {
					81995D9F2A31273700D921ED = {
						CreatedOnToolsVersion = 14.3.1;
					};
					81995DDD2A313E1A00D921ED = {
						CreatedOnToolsVersion = 14.3.1;
					};
				};
			};
			buildConfigurationList = 81995D9B2A31273700D921ED /* Build configuration list for PBXProject "ComparingDates" */;
			compatibilityVersion = "Xcode 14.0";
			developmentRegion = en;
			hasScannedForEncodings = 0;
			knownRegions = (
				en,
				Base,
			);
			mainGroup = 81995D972A31273700D921ED;
			packageReferences = (
				81995DB92A31309F00D921ED /* XCRemoteSwiftPackageReference "Blackbird" */,
				81995DC82A313C2800D921ED /* XCRemoteSwiftPackageReference "SwiftDate" */,
			);
			productRefGroup = 81995DA12A31273700D921ED /* Products */;
			projectDirPath = "";
			projectRoot = "";
			targets = (
				81995D9F2A31273700D921ED /* ComparingDates */,
				81995DDD2A313E1A00D921ED /* DatesCommandLine */,
			);
		};
/* End PBXProject section */

/* Begin PBXResourcesBuildPhase section */
		81995D9E2A31273700D921ED /* Resources */ = {
			isa = PBXResourcesBuildPhase;
			buildActionMask = 2147483647;
			files = (
				81995DAB2A31273800D921ED /* Preview Assets.xcassets in Resources */,
				81995DBE2A31311E00D921ED /* db.sqlite in Resources */,
				81995DA82A31273800D921ED /* Assets.xcassets in Resources */,
			);
			runOnlyForDeploymentPostprocessing = 0;
		};
/* End PBXResourcesBuildPhase section */

/* Begin PBXSourcesBuildPhase section */
		81995D9C2A31273700D921ED /* Sources */ = {
			isa = PBXSourcesBuildPhase;
			buildActionMask = 2147483647;
			files = (
				81995DC72A3132BF00D921ED /* AddMoodView.swift in Sources */,
				81995DC02A31312700D921ED /* Mood.swift in Sources */,
				81995DB82A31308000D921ED /* AppDatabase.swift in Sources */,
				81995DA42A31273700D921ED /* ComparingDatesApp.swift in Sources */,
				81995DC52A3132B400D921ED /* MoodsListView.swift in Sources */,
			);
			runOnlyForDeploymentPostprocessing = 0;
		};
		81995DDA2A313E1A00D921ED /* Sources */ = {
			isa = PBXSourcesBuildPhase;
			buildActionMask = 2147483647;
			files = (
			);
			runOnlyForDeploymentPostprocessing = 0;
		};
/* End PBXSourcesBuildPhase section */

/* Begin XCBuildConfiguration section */
		81995DAC2A31273800D921ED /* Debug */ = {
			isa = XCBuildConfiguration;
			buildSettings = {
				ALWAYS_SEARCH_USER_PATHS = NO;
				CLANG_ANALYZER_NONNULL = YES;
				CLANG_ANALYZER_NUMBER_OBJECT_CONVERSION = YES_AGGRESSIVE;
				CLANG_CXX_LANGUAGE_STANDARD = "gnu++20";
				CLANG_ENABLE_MODULES = YES;
				CLANG_ENABLE_OBJC_ARC = YES;
				CLANG_ENABLE_OBJC_WEAK = YES;
				CLANG_WARN_BLOCK_CAPTURE_AUTORELEASING = YES;
				CLANG_WARN_BOOL_CONVERSION = YES;
				CLANG_WARN_COMMA = YES;
				CLANG_WARN_CONSTANT_CONVERSION = YES;
				CLANG_WARN_DEPRECATED_OBJC_IMPLEMENTATIONS = YES;
				CLANG_WARN_DIRECT_OBJC_ISA_USAGE = YES_ERROR;
				CLANG_WARN_DOCUMENTATION_COMMENTS = YES;
				CLANG_WARN_EMPTY_BODY = YES;
				CLANG_WARN_ENUM_CONVERSION = YES;
				CLANG_WARN_INFINITE_RECURSION = YES;
				CLANG_WARN_INT_CONVERSION = YES;
				CLANG_WARN_NON_LITERAL_NULL_CONVERSION = YES;
				CLANG_WARN_OBJC_IMPLICIT_RETAIN_SELF = YES;
				CLANG_WARN_OBJC_LITERAL_CONVERSION = YES;
				CLANG_WARN_OBJC_ROOT_CLASS = YES_ERROR;
				CLANG_WARN_QUOTED_INCLUDE_IN_FRAMEWORK_HEADER = YES;
				CLANG_WARN_RANGE_LOOP_ANALYSIS = YES;
				CLANG_WARN_STRICT_PROTOTYPES = YES;
				CLANG_WARN_SUSPICIOUS_MOVE = YES;
				CLANG_WARN_UNGUARDED_AVAILABILITY = YES_AGGRESSIVE;
				CLANG_WARN_UNREACHABLE_CODE = YES;
				CLANG_WARN__DUPLICATE_METHOD_MATCH = YES;
				COPY_PHASE_STRIP = NO;
				DEBUG_INFORMATION_FORMAT = dwarf;
				ENABLE_STRICT_OBJC_MSGSEND = YES;
				ENABLE_TESTABILITY = YES;
				GCC_C_LANGUAGE_STANDARD = gnu11;
				GCC_DYNAMIC_NO_PIC = NO;
				GCC_NO_COMMON_BLOCKS = YES;
				GCC_OPTIMIZATION_LEVEL = 0;
				GCC_PREPROCESSOR_DEFINITIONS = (
					"DEBUG=1",
					"$(inherited)",
				);
				GCC_WARN_64_TO_32_BIT_CONVERSION = YES;
				GCC_WARN_ABOUT_RETURN_TYPE = YES_ERROR;
				GCC_WARN_UNDECLARED_SELECTOR = YES;
				GCC_WARN_UNINITIALIZED_AUTOS = YES_AGGRESSIVE;
				GCC_WARN_UNUSED_FUNCTION = YES;
				GCC_WARN_UNUSED_VARIABLE = YES;
				IPHONEOS_DEPLOYMENT_TARGET = 16.4;
				MTL_ENABLE_DEBUG_INFO = INCLUDE_SOURCE;
				MTL_FAST_MATH = YES;
				ONLY_ACTIVE_ARCH = YES;
				SDKROOT = iphoneos;
				SWIFT_ACTIVE_COMPILATION_CONDITIONS = DEBUG;
				SWIFT_OPTIMIZATION_LEVEL = "-Onone";
			};
			name = Debug;
		};
		81995DAD2A31273800D921ED /* Release */ = {
			isa = XCBuildConfiguration;
			buildSettings = {
				ALWAYS_SEARCH_USER_PATHS = NO;
				CLANG_ANALYZER_NONNULL = YES;
				CLANG_ANALYZER_NUMBER_OBJECT_CONVERSION = YES_AGGRESSIVE;
				CLANG_CXX_LANGUAGE_STANDARD = "gnu++20";
				CLANG_ENABLE_MODULES = YES;
				CLANG_ENABLE_OBJC_ARC = YES;
				CLANG_ENABLE_OBJC_WEAK = YES;
				CLANG_WARN_BLOCK_CAPTURE_AUTORELEASING = YES;
				CLANG_WARN_BOOL_CONVERSION = YES;
				CLANG_WARN_COMMA = YES;
				CLANG_WARN_CONSTANT_CONVERSION = YES;
				CLANG_WARN_DEPRECATED_OBJC_IMPLEMENTATIONS = YES;
				CLANG_WARN_DIRECT_OBJC_ISA_USAGE = YES_ERROR;
				CLANG_WARN_DOCUMENTATION_COMMENTS = YES;
				CLANG_WARN_EMPTY_BODY = YES;
				CLANG_WARN_ENUM_CONVERSION = YES;
				CLANG_WARN_INFINITE_RECURSION = YES;
				CLANG_WARN_INT_CONVERSION = YES;
				CLANG_WARN_NON_LITERAL_NULL_CONVERSION = YES;
				CLANG_WARN_OBJC_IMPLICIT_RETAIN_SELF = YES;
				CLANG_WARN_OBJC_LITERAL_CONVERSION = YES;
				CLANG_WARN_OBJC_ROOT_CLASS = YES_ERROR;
				CLANG_WARN_QUOTED_INCLUDE_IN_FRAMEWORK_HEADER = YES;
				CLANG_WARN_RANGE_LOOP_ANALYSIS = YES;
				CLANG_WARN_STRICT_PROTOTYPES = YES;
				CLANG_WARN_SUSPICIOUS_MOVE = YES;
				CLANG_WARN_UNGUARDED_AVAILABILITY = YES_AGGRESSIVE;
				CLANG_WARN_UNREACHABLE_CODE = YES;
				CLANG_WARN__DUPLICATE_METHOD_MATCH = YES;
				COPY_PHASE_STRIP = NO;
				DEBUG_INFORMATION_FORMAT = "dwarf-with-dsym";
				ENABLE_NS_ASSERTIONS = NO;
				ENABLE_STRICT_OBJC_MSGSEND = YES;
				GCC_C_LANGUAGE_STANDARD = gnu11;
				GCC_NO_COMMON_BLOCKS = YES;
				GCC_WARN_64_TO_32_BIT_CONVERSION = YES;
				GCC_WARN_ABOUT_RETURN_TYPE = YES_ERROR;
				GCC_WARN_UNDECLARED_SELECTOR = YES;
				GCC_WARN_UNINITIALIZED_AUTOS = YES_AGGRESSIVE;
				GCC_WARN_UNUSED_FUNCTION = YES;
				GCC_WARN_UNUSED_VARIABLE = YES;
				IPHONEOS_DEPLOYMENT_TARGET = 16.4;
				MTL_ENABLE_DEBUG_INFO = NO;
				MTL_FAST_MATH = YES;
				SDKROOT = iphoneos;
				SWIFT_COMPILATION_MODE = wholemodule;
				SWIFT_OPTIMIZATION_LEVEL = "-O";
				VALIDATE_PRODUCT = YES;
			};
			name = Release;
		};
		81995DAF2A31273800D921ED /* Debug */ = {
			isa = XCBuildConfiguration;
			buildSettings = {
				ASSETCATALOG_COMPILER_APPICON_NAME = AppIcon;
				ASSETCATALOG_COMPILER_GLOBAL_ACCENT_COLOR_NAME = AccentColor;
				CODE_SIGN_STYLE = Automatic;
				CURRENT_PROJECT_VERSION = 1;
				DEVELOPMENT_ASSET_PATHS = "\"ComparingDates/Preview Content\"";
				DEVELOPMENT_TEAM = 4UG443984D;
				ENABLE_PREVIEWS = YES;
				GENERATE_INFOPLIST_FILE = YES;
				INFOPLIST_KEY_UIApplicationSceneManifest_Generation = YES;
				INFOPLIST_KEY_UIApplicationSupportsIndirectInputEvents = YES;
				INFOPLIST_KEY_UILaunchScreen_Generation = YES;
				INFOPLIST_KEY_UISupportedInterfaceOrientations_iPad = "UIInterfaceOrientationPortrait UIInterfaceOrientationPortraitUpsideDown UIInterfaceOrientationLandscapeLeft UIInterfaceOrientationLandscapeRight";
				INFOPLIST_KEY_UISupportedInterfaceOrientations_iPhone = "UIInterfaceOrientationPortrait UIInterfaceOrientationLandscapeLeft UIInterfaceOrientationLandscapeRight";
				LD_RUNPATH_SEARCH_PATHS = (
					"$(inherited)",
					"@executable_path/Frameworks",
				);
				MARKETING_VERSION = 1.0;
				PRODUCT_BUNDLE_IDENTIFIER = ca.russellgordon.ComparingDates;
				PRODUCT_NAME = "$(TARGET_NAME)";
				SWIFT_EMIT_LOC_STRINGS = YES;
				SWIFT_VERSION = 5.0;
				TARGETED_DEVICE_FAMILY = "1,2";
			};
			name = Debug;
		};
		81995DB02A31273800D921ED /* Release */ = {
			isa = XCBuildConfiguration;
			buildSettings = {
				ASSETCATALOG_COMPILER_APPICON_NAME = AppIcon;
				ASSETCATALOG_COMPILER_GLOBAL_ACCENT_COLOR_NAME = AccentColor;
				CODE_SIGN_STYLE = Automatic;
				CURRENT_PROJECT_VERSION = 1;
				DEVELOPMENT_ASSET_PATHS = "\"ComparingDates/Preview Content\"";
				DEVELOPMENT_TEAM = 4UG443984D;
				ENABLE_PREVIEWS = YES;
				GENERATE_INFOPLIST_FILE = YES;
				INFOPLIST_KEY_UIApplicationSceneManifest_Generation = YES;
				INFOPLIST_KEY_UIApplicationSupportsIndirectInputEvents = YES;
				INFOPLIST_KEY_UILaunchScreen_Generation = YES;
				INFOPLIST_KEY_UISupportedInterfaceOrientations_iPad = "UIInterfaceOrientationPortrait UIInterfaceOrientationPortraitUpsideDown UIInterfaceOrientationLandscapeLeft UIInterfaceOrientationLandscapeRight";
				INFOPLIST_KEY_UISupportedInterfaceOrientations_iPhone = "UIInterfaceOrientationPortrait UIInterfaceOrientationLandscapeLeft UIInterfaceOrientationLandscapeRight";
				LD_RUNPATH_SEARCH_PATHS = (
					"$(inherited)",
					"@executable_path/Frameworks",
				);
				MARKETING_VERSION = 1.0;
				PRODUCT_BUNDLE_IDENTIFIER = ca.russellgordon.ComparingDates;
				PRODUCT_NAME = "$(TARGET_NAME)";
				SWIFT_EMIT_LOC_STRINGS = YES;
				SWIFT_VERSION = 5.0;
				TARGETED_DEVICE_FAMILY = "1,2";
			};
			name = Release;
		};
		81995DE32A313E1A00D921ED /* Debug */ = {
			isa = XCBuildConfiguration;
			buildSettings = {
				CODE_SIGN_STYLE = Automatic;
				DEVELOPMENT_TEAM = 4UG443984D;
				ENABLE_HARDENED_RUNTIME = YES;
				MACOSX_DEPLOYMENT_TARGET = 13.3;
				PRODUCT_NAME = "$(TARGET_NAME)";
				SDKROOT = macosx;
				SWIFT_VERSION = 5.0;
			};
			name = Debug;
		};
		81995DE42A313E1A00D921ED /* Release */ = {
			isa = XCBuildConfiguration;
			buildSettings = {
				CODE_SIGN_STYLE = Automatic;
				DEVELOPMENT_TEAM = 4UG443984D;
				ENABLE_HARDENED_RUNTIME = YES;
				MACOSX_DEPLOYMENT_TARGET = 13.3;
				PRODUCT_NAME = "$(TARGET_NAME)";
				SDKROOT = macosx;
				SWIFT_VERSION = 5.0;
			};
			name = Release;
		};
/* End XCBuildConfiguration section */

/* Begin XCConfigurationList section */
		81995D9B2A31273700D921ED /* Build configuration list for PBXProject "ComparingDates" */ = {
			isa = XCConfigurationList;
			buildConfigurations = (
				81995DAC2A31273800D921ED /* Debug */,
				81995DAD2A31273800D921ED /* Release */,
			);
			defaultConfigurationIsVisible = 0;
			defaultConfigurationName = Release;
		};
		81995DAE2A31273800D921ED /* Build configuration list for PBXNativeTarget "ComparingDates" */ = {
			isa = XCConfigurationList;
			buildConfigurations = (
				81995DAF2A31273800D921ED /* Debug */,
				81995DB02A31273800D921ED /* Release */,
			);
			defaultConfigurationIsVisible = 0;
			defaultConfigurationName = Release;
		};
		81995DE22A313E1A00D921ED /* Build configuration list for PBXNativeTarget "DatesCommandLine" */ = {
			isa = XCConfigurationList;
			buildConfigurations = (
				81995DE32A313E1A00D921ED /* Debug */,
				81995DE42A313E1A00D921ED /* Release */,
			);
			defaultConfigurationIsVisible = 0;
			defaultConfigurationName = Release;
		};
/* End XCConfigurationList section */

/* Begin XCRemoteSwiftPackageReference section */
		81995DB92A31309F00D921ED /* XCRemoteSwiftPackageReference "Blackbird" */ = {
			isa = XCRemoteSwiftPackageReference;
			repositoryURL = "https://github.com/marcoarment/Blackbird";
			requirement = {
				branch = main;
				kind = branch;
			};
		};
		81995DC82A313C2800D921ED /* XCRemoteSwiftPackageReference "SwiftDate" */ = {
			isa = XCRemoteSwiftPackageReference;
			repositoryURL = "https://github.com/malcommac/SwiftDate";
			requirement = {
				kind = upToNextMajorVersion;
				minimumVersion = 7.0.0;
			};
		};
/* End XCRemoteSwiftPackageReference section */

/* Begin XCSwiftPackageProductDependency section */
		81995DBA2A31309F00D921ED /* Blackbird */ = {
			isa = XCSwiftPackageProductDependency;
			package = 81995DB92A31309F00D921ED /* XCRemoteSwiftPackageReference "Blackbird" */;
			productName = Blackbird;
		};
		81995DC92A313C2800D921ED /* SwiftDate */ = {
			isa = XCSwiftPackageProductDependency;
			package = 81995DC82A313C2800D921ED /* XCRemoteSwiftPackageReference "SwiftDate" */;
			productName = SwiftDate;
		};
		81995DE52A313E2100D921ED /* SwiftDate */ = {
			isa = XCSwiftPackageProductDependency;
			package = 81995DC82A313C2800D921ED /* XCRemoteSwiftPackageReference "SwiftDate" */;
			productName = SwiftDate;
		};
/* End XCSwiftPackageProductDependency section */
	};
	rootObject = 81995D982A31273700D921ED /* Project object */;
}
